
Microsoft Visual Studio Solution File, Format Version 12.00
# Visual Studio Version 17
VisualStudioVersion = 17.0.31903.59
MinimumVisualStudioVersion = 10.0.40219.1
Project("{2150E333-8FDC-42A3-9474-1A3956D46DE8}") = "Services", "Services", "{0222190D-254D-4891-AC10-4023DC400561}"
EndProject
Project("{2150E333-8FDC-42A3-9474-1A3956D46DE8}") = "Location", "Location", "{88A38896-C1E4-4FE8-BD4B-0A55F28DFC9B}"
EndProject
Project("{2150E333-8FDC-42A3-9474-1A3956D46DE8}") = "Auth", "Auth", "{445F6B54-01BC-4B2F-B502-8E7AA7A6E6F6}"
EndProject
Project("{E53339B2-1760-4266-BCC7-CA923CBCF16C}") = "docker-compose", "docker-compose.dcproj", "{C09E190B-AB40-4829-83A1-CECF76E291FF}"
EndProject
Project("{2150E333-8FDC-42A3-9474-1A3956D46DE8}") = "Rider", "Rider", "{862D3C13-A041-4021-BCAB-AB7A0896A8D6}"
EndProject
Project("{9A19103F-16F7-4668-BE54-9A1E7A4F7556}") = "XeGo.Services.Location.API", "Services\Location\XeGo.Services.Location.API\XeGo.Services.Location.API.csproj", "{99F3F93A-016F-46E1-A0AA-E9A8E3179C63}"
EndProject
Project("{2150E333-8FDC-42A3-9474-1A3956D46DE8}") = "Driver", "Driver", "{92C09F05-7E70-462A-90DA-4FA8186A0B7A}"
EndProject
Project("{2150E333-8FDC-42A3-9474-1A3956D46DE8}") = "Ride", "Ride", "{FFE40D9A-17C0-4B7E-8D13-56DD531CA158}"
EndProject
Project("{2150E333-8FDC-42A3-9474-1A3956D46DE8}") = "Payment", "Payment", "{2F998343-CBA3-4F0E-A01A-4B47732E602E}"
EndProject
Project("{2150E333-8FDC-42A3-9474-1A3956D46DE8}") = "Pricing", "Pricing", "{7D442CC5-3178-4FA4-B026-5EC682128A26}"
EndProject
Project("{2150E333-8FDC-42A3-9474-1A3956D46DE8}") = "Coupon", "Coupon", "{FC492F49-A6B0-4642-B218-7178AC577806}"
EndProject
Project("{2150E333-8FDC-42A3-9474-1A3956D46DE8}") = "File", "File", "{954D90AE-520E-4123-B94E-D185C35A1CD0}"
EndProject
Project("{2150E333-8FDC-42A3-9474-1A3956D46DE8}") = "UserTrustScore", "UserTrustScore", "{FE05932F-C354-4742-B840-17BF88337931}"
EndProject
Project("{2150E333-8FDC-42A3-9474-1A3956D46DE8}") = "CodeValue", "CodeValue", "{1B9A9A50-681F-43A4-8530-48FF5A1225F4}"
EndProject
Project("{9A19103F-16F7-4668-BE54-9A1E7A4F7556}") = "XeGo.Services.CodeValue.API", "Services\CodeValue\XeGo.Services.CodeValue.API\XeGo.Services.CodeValue.API.csproj", "{163477C1-3B1E-4679-99C7-5CACDF197F8C}"
EndProject
Project("{2150E333-8FDC-42A3-9474-1A3956D46DE8}") = "Shared", "Shared", "{C8659B39-395E-408D-9A71-75B31961D123}"
EndProject
Project("{9A19103F-16F7-4668-BE54-9A1E7A4F7556}") = "XeGo.Shared.Lib", "Shared\XeGo.Shared.Lib\XeGo.Shared.Lib.csproj", "{3B844A12-57DB-42D0-A1DB-F9F4FA0DBAF0}"
EndProject
Project("{9A19103F-16F7-4668-BE54-9A1E7A4F7556}") = "XeGo.Services.CodeValue.Grpc", "Services\CodeValue\XeGo.Services.CodeValue.Grpc\XeGo.Services.CodeValue.Grpc.csproj", "{75365CFE-3152-4FD3-8D40-C7A468042D7B}"
EndProject
Project("{9A19103F-16F7-4668-BE54-9A1E7A4F7556}") = "XeGo.Shared.GrpcConsumer", "Shared\XeGo.Shared.GrpcConsumer\XeGo.Shared.GrpcConsumer.csproj", "{E9E29229-59F2-4051-9058-8CD6FD805FDB}"
EndProject
Project("{9A19103F-16F7-4668-BE54-9A1E7A4F7556}") = "XeGo.Services.Rider.API", "Services\Rider\XeGo.Services.Rider.API\XeGo.Services.Rider.API.csproj", "{66C9F4BC-B833-4E8D-BC44-ECF46798C9D6}"
EndProject
Project("{9A19103F-16F7-4668-BE54-9A1E7A4F7556}") = "XeGo.Services.Auth.API", "Services\Auth\XeGo.Services.Auth.API\XeGo.Services.Auth.API.csproj", "{121F3976-6493-4146-8B19-71DCE69CF0C8}"
EndProject
Project("{9A19103F-16F7-4668-BE54-9A1E7A4F7556}") = "XeGo.Services.Driver.API", "Services\Driver\XeGo.Services.Driver.API\XeGo.Services.Driver.API.csproj", "{26F52410-7DE1-4BC4-9954-940DCB34E5D1}"
EndProject
Project("{9A19103F-16F7-4668-BE54-9A1E7A4F7556}") = "XeGo.Services.Coupon.API", "Services\Coupon\XeGo.Services.Coupon.API\XeGo.Services.Coupon.API.csproj", "{BA612684-860E-4135-8D9C-BA11F6FA98AE}"
EndProject
Project("{9A19103F-16F7-4668-BE54-9A1E7A4F7556}") = "XeGo.Services.Ride.API", "Services\Ride\XeGo.Services.Ride.API\XeGo.Services.Ride.API.csproj", "{C33C7CA1-9561-47FC-9971-54A1B50B0E89}"
EndProject
Project("{2150E333-8FDC-42A3-9474-1A3956D46DE8}") = "BatchJobs", "BatchJobs", "{FA072230-4844-4CB8-B2FA-6C5DD5B24DDC}"
EndProject
Project("{9A19103F-16F7-4668-BE54-9A1E7A4F7556}") = "XeGo.Services.Location.Grpc", "Services\Location\XeGo.Services.Location.Grpc\XeGo.Services.Location.Grpc.csproj", "{552B93E9-6DCA-492C-AB9B-78D712C2F295}"
EndProject
Project("{2150E333-8FDC-42A3-9474-1A3956D46DE8}") = "Review", "Review", "{FF357E99-FBCF-4065-AE6C-7BD11AB13EC9}"
EndProject
Project("{2150E333-8FDC-42A3-9474-1A3956D46DE8}") = "Vehicle", "Vehicle", "{4A53D027-5429-401B-896A-5DBA6F2D4402}"
EndProject
Project("{9A19103F-16F7-4668-BE54-9A1E7A4F7556}") = "XeGo.Services.Vehicle.API", "Services\Vehicle\XeGo.Services.Vehicle.API\XeGo.Services.Vehicle.API.csproj", "{7EA9FFF8-D682-48B4-89D2-FD84B284B970}"
EndProject
Project("{9A19103F-16F7-4668-BE54-9A1E7A4F7556}") = "XeGo.Services.File.API", "Services\File\XeGo.Services.File.API\XeGo.Services.File.API.csproj", "{2DBE042D-EE70-4F79-B874-466B905F7FB7}"
EndProject
Project("{2150E333-8FDC-42A3-9474-1A3956D46DE8}") = "ApiGateways", "ApiGateways", "{89DC8EA3-C4FC-4BA7-9118-9B790670597B}"
EndProject
Project("{2150E333-8FDC-42A3-9474-1A3956D46DE8}") = "Solution Items", "Solution Items", "{1F1CAEEA-981F-4538-B05B-3C7E37F804D3}"
	ProjectSection(SolutionItems) = preProject
		blob_connection.txt = blob_connection.txt
	EndProjectSection
EndProject
Project("{9A19103F-16F7-4668-BE54-9A1E7A4F7556}") = "XeGo.ApiGateways.Ocelot", "ApiGateways\XeGo.ApiGateways.Ocelot\XeGo.ApiGateways.Ocelot.csproj", "{AE56C796-2FCE-4F80-8BA5-1FD60EEAD531}"
EndProject
Global
	GlobalSection(SolutionConfigurationPlatforms) = preSolution
		Debug|Any CPU = Debug|Any CPU
		Release|Any CPU = Release|Any CPU
	EndGlobalSection
	GlobalSection(ProjectConfigurationPlatforms) = postSolution
		{C09E190B-AB40-4829-83A1-CECF76E291FF}.Debug|Any CPU.ActiveCfg = Debug|Any CPU
		{C09E190B-AB40-4829-83A1-CECF76E291FF}.Debug|Any CPU.Build.0 = Debug|Any CPU
		{C09E190B-AB40-4829-83A1-CECF76E291FF}.Release|Any CPU.ActiveCfg = Release|Any CPU
		{C09E190B-AB40-4829-83A1-CECF76E291FF}.Release|Any CPU.Build.0 = Release|Any CPU
		{99F3F93A-016F-46E1-A0AA-E9A8E3179C63}.Debug|Any CPU.ActiveCfg = Debug|Any CPU
		{99F3F93A-016F-46E1-A0AA-E9A8E3179C63}.Debug|Any CPU.Build.0 = Debug|Any CPU
		{99F3F93A-016F-46E1-A0AA-E9A8E3179C63}.Release|Any CPU.ActiveCfg = Release|Any CPU
		{99F3F93A-016F-46E1-A0AA-E9A8E3179C63}.Release|Any CPU.Build.0 = Release|Any CPU
		{163477C1-3B1E-4679-99C7-5CACDF197F8C}.Debug|Any CPU.ActiveCfg = Debug|Any CPU
		{163477C1-3B1E-4679-99C7-5CACDF197F8C}.Debug|Any CPU.Build.0 = Debug|Any CPU
		{163477C1-3B1E-4679-99C7-5CACDF197F8C}.Release|Any CPU.ActiveCfg = Release|Any CPU
		{163477C1-3B1E-4679-99C7-5CACDF197F8C}.Release|Any CPU.Build.0 = Release|Any CPU
		{3B844A12-57DB-42D0-A1DB-F9F4FA0DBAF0}.Debug|Any CPU.ActiveCfg = Debug|Any CPU
		{3B844A12-57DB-42D0-A1DB-F9F4FA0DBAF0}.Debug|Any CPU.Build.0 = Debug|Any CPU
		{3B844A12-57DB-42D0-A1DB-F9F4FA0DBAF0}.Release|Any CPU.ActiveCfg = Release|Any CPU
		{3B844A12-57DB-42D0-A1DB-F9F4FA0DBAF0}.Release|Any CPU.Build.0 = Release|Any CPU
		{75365CFE-3152-4FD3-8D40-C7A468042D7B}.Debug|Any CPU.ActiveCfg = Debug|Any CPU
		{75365CFE-3152-4FD3-8D40-C7A468042D7B}.Debug|Any CPU.Build.0 = Debug|Any CPU
		{75365CFE-3152-4FD3-8D40-C7A468042D7B}.Release|Any CPU.ActiveCfg = Release|Any CPU
		{75365CFE-3152-4FD3-8D40-C7A468042D7B}.Release|Any CPU.Build.0 = Release|Any CPU
		{E9E29229-59F2-4051-9058-8CD6FD805FDB}.Debug|Any CPU.ActiveCfg = Debug|Any CPU
		{E9E29229-59F2-4051-9058-8CD6FD805FDB}.Debug|Any CPU.Build.0 = Debug|Any CPU
		{E9E29229-59F2-4051-9058-8CD6FD805FDB}.Release|Any CPU.ActiveCfg = Release|Any CPU
		{E9E29229-59F2-4051-9058-8CD6FD805FDB}.Release|Any CPU.Build.0 = Release|Any CPU
		{66C9F4BC-B833-4E8D-BC44-ECF46798C9D6}.Debug|Any CPU.ActiveCfg = Debug|Any CPU
		{66C9F4BC-B833-4E8D-BC44-ECF46798C9D6}.Debug|Any CPU.Build.0 = Debug|Any CPU
		{66C9F4BC-B833-4E8D-BC44-ECF46798C9D6}.Release|Any CPU.ActiveCfg = Release|Any CPU
		{66C9F4BC-B833-4E8D-BC44-ECF46798C9D6}.Release|Any CPU.Build.0 = Release|Any CPU
		{121F3976-6493-4146-8B19-71DCE69CF0C8}.Debug|Any CPU.ActiveCfg = Debug|Any CPU
		{121F3976-6493-4146-8B19-71DCE69CF0C8}.Debug|Any CPU.Build.0 = Debug|Any CPU
		{121F3976-6493-4146-8B19-71DCE69CF0C8}.Release|Any CPU.ActiveCfg = Release|Any CPU
		{121F3976-6493-4146-8B19-71DCE69CF0C8}.Release|Any CPU.Build.0 = Release|Any CPU
		{26F52410-7DE1-4BC4-9954-940DCB34E5D1}.Debug|Any CPU.ActiveCfg = Debug|Any CPU
		{26F52410-7DE1-4BC4-9954-940DCB34E5D1}.Debug|Any CPU.Build.0 = Debug|Any CPU
		{26F52410-7DE1-4BC4-9954-940DCB34E5D1}.Release|Any CPU.ActiveCfg = Release|Any CPU
		{26F52410-7DE1-4BC4-9954-940DCB34E5D1}.Release|Any CPU.Build.0 = Release|Any CPU
		{BA612684-860E-4135-8D9C-BA11F6FA98AE}.Debug|Any CPU.ActiveCfg = Debug|Any CPU
		{BA612684-860E-4135-8D9C-BA11F6FA98AE}.Debug|Any CPU.Build.0 = Debug|Any CPU
		{BA612684-860E-4135-8D9C-BA11F6FA98AE}.Release|Any CPU.ActiveCfg = Release|Any CPU
		{BA612684-860E-4135-8D9C-BA11F6FA98AE}.Release|Any CPU.Build.0 = Release|Any CPU
		{C33C7CA1-9561-47FC-9971-54A1B50B0E89}.Debug|Any CPU.ActiveCfg = Debug|Any CPU
		{C33C7CA1-9561-47FC-9971-54A1B50B0E89}.Debug|Any CPU.Build.0 = Debug|Any CPU
		{C33C7CA1-9561-47FC-9971-54A1B50B0E89}.Release|Any CPU.ActiveCfg = Release|Any CPU
		{C33C7CA1-9561-47FC-9971-54A1B50B0E89}.Release|Any CPU.Build.0 = Release|Any CPU
		{552B93E9-6DCA-492C-AB9B-78D712C2F295}.Debug|Any CPU.ActiveCfg = Debug|Any CPU
		{552B93E9-6DCA-492C-AB9B-78D712C2F295}.Debug|Any CPU.Build.0 = Debug|Any CPU
		{552B93E9-6DCA-492C-AB9B-78D712C2F295}.Release|Any CPU.ActiveCfg = Release|Any CPU
		{552B93E9-6DCA-492C-AB9B-78D712C2F295}.Release|Any CPU.Build.0 = Release|Any CPU
		{7EA9FFF8-D682-48B4-89D2-FD84B284B970}.Debug|Any CPU.ActiveCfg = Debug|Any CPU
		{7EA9FFF8-D682-48B4-89D2-FD84B284B970}.Debug|Any CPU.Build.0 = Debug|Any CPU
		{7EA9FFF8-D682-48B4-89D2-FD84B284B970}.Release|Any CPU.ActiveCfg = Release|Any CPU
		{7EA9FFF8-D682-48B4-89D2-FD84B284B970}.Release|Any CPU.Build.0 = Release|Any CPU
		{2DBE042D-EE70-4F79-B874-466B905F7FB7}.Debug|Any CPU.ActiveCfg = Debug|Any CPU
		{2DBE042D-EE70-4F79-B874-466B905F7FB7}.Debug|Any CPU.Build.0 = Debug|Any CPU
		{2DBE042D-EE70-4F79-B874-466B905F7FB7}.Release|Any CPU.ActiveCfg = Release|Any CPU
		{2DBE042D-EE70-4F79-B874-466B905F7FB7}.Release|Any CPU.Build.0 = Release|Any CPU
		{AE56C796-2FCE-4F80-8BA5-1FD60EEAD531}.Debug|Any CPU.ActiveCfg = Debug|Any CPU
		{AE56C796-2FCE-4F80-8BA5-1FD60EEAD531}.Debug|Any CPU.Build.0 = Debug|Any CPU
		{AE56C796-2FCE-4F80-8BA5-1FD60EEAD531}.Release|Any CPU.ActiveCfg = Release|Any CPU
		{AE56C796-2FCE-4F80-8BA5-1FD60EEAD531}.Release|Any CPU.Build.0 = Release|Any CPU
	EndGlobalSection
	GlobalSection(SolutionProperties) = preSolution
		HideSolutionNode = FALSE
	EndGlobalSection
	GlobalSection(NestedProjects) = preSolution
		{88A38896-C1E4-4FE8-BD4B-0A55F28DFC9B} = {0222190D-254D-4891-AC10-4023DC400561}
		{445F6B54-01BC-4B2F-B502-8E7AA7A6E6F6} = {0222190D-254D-4891-AC10-4023DC400561}
		{862D3C13-A041-4021-BCAB-AB7A0896A8D6} = {0222190D-254D-4891-AC10-4023DC400561}
		{99F3F93A-016F-46E1-A0AA-E9A8E3179C63} = {88A38896-C1E4-4FE8-BD4B-0A55F28DFC9B}
		{92C09F05-7E70-462A-90DA-4FA8186A0B7A} = {0222190D-254D-4891-AC10-4023DC400561}
		{FFE40D9A-17C0-4B7E-8D13-56DD531CA158} = {0222190D-254D-4891-AC10-4023DC400561}
		{2F998343-CBA3-4F0E-A01A-4B47732E602E} = {0222190D-254D-4891-AC10-4023DC400561}
		{7D442CC5-3178-4FA4-B026-5EC682128A26} = {0222190D-254D-4891-AC10-4023DC400561}
		{FC492F49-A6B0-4642-B218-7178AC577806} = {0222190D-254D-4891-AC10-4023DC400561}
		{954D90AE-520E-4123-B94E-D185C35A1CD0} = {0222190D-254D-4891-AC10-4023DC400561}
		{FE05932F-C354-4742-B840-17BF88337931} = {0222190D-254D-4891-AC10-4023DC400561}
		{1B9A9A50-681F-43A4-8530-48FF5A1225F4} = {0222190D-254D-4891-AC10-4023DC400561}
		{163477C1-3B1E-4679-99C7-5CACDF197F8C} = {1B9A9A50-681F-43A4-8530-48FF5A1225F4}
		{3B844A12-57DB-42D0-A1DB-F9F4FA0DBAF0} = {C8659B39-395E-408D-9A71-75B31961D123}
		{75365CFE-3152-4FD3-8D40-C7A468042D7B} = {1B9A9A50-681F-43A4-8530-48FF5A1225F4}
		{E9E29229-59F2-4051-9058-8CD6FD805FDB} = {C8659B39-395E-408D-9A71-75B31961D123}
		{66C9F4BC-B833-4E8D-BC44-ECF46798C9D6} = {862D3C13-A041-4021-BCAB-AB7A0896A8D6}
		{121F3976-6493-4146-8B19-71DCE69CF0C8} = {445F6B54-01BC-4B2F-B502-8E7AA7A6E6F6}
		{26F52410-7DE1-4BC4-9954-940DCB34E5D1} = {92C09F05-7E70-462A-90DA-4FA8186A0B7A}
		{BA612684-860E-4135-8D9C-BA11F6FA98AE} = {FC492F49-A6B0-4642-B218-7178AC577806}
		{C33C7CA1-9561-47FC-9971-54A1B50B0E89} = {FFE40D9A-17C0-4B7E-8D13-56DD531CA158}
		{FA072230-4844-4CB8-B2FA-6C5DD5B24DDC} = {0222190D-254D-4891-AC10-4023DC400561}
		{552B93E9-6DCA-492C-AB9B-78D712C2F295} = {88A38896-C1E4-4FE8-BD4B-0A55F28DFC9B}
		{FF357E99-FBCF-4065-AE6C-7BD11AB13EC9} = {0222190D-254D-4891-AC10-4023DC400561}
		{4A53D027-5429-401B-896A-5DBA6F2D4402} = {0222190D-254D-4891-AC10-4023DC400561}
		{7EA9FFF8-D682-48B4-89D2-FD84B284B970} = {4A53D027-5429-401B-896A-5DBA6F2D4402}
		{2DBE042D-EE70-4F79-B874-466B905F7FB7} = {954D90AE-520E-4123-B94E-D185C35A1CD0}
		{AE56C796-2FCE-4F80-8BA5-1FD60EEAD531} = {89DC8EA3-C4FC-4BA7-9118-9B790670597B}
	EndGlobalSection
	GlobalSection(ExtensibilityGlobals) = postSolution
		SolutionGuid = {837CBB2D-FE62-4B52-A8A4-D37FE9935AA9}
	EndGlobalSection
EndGlobal
