
Microsoft Visual Studio Solution File, Format Version 12.00
# Visual Studio Version 17
VisualStudioVersion = 17.0.31903.59
MinimumVisualStudioVersion = 10.0.40219.1
Project("{2150E333-8FDC-42A3-9474-1A3956D46DE8}") = "Services", "Services", "{0222190D-254D-4891-AC10-4023DC400561}"
EndProject
Project("{2150E333-8FDC-42A3-9474-1A3956D46DE8}") = "Location", "Location", "{88A38896-C1E4-4FE8-BD4B-0A55F28DFC9B}"
EndProject
Project("{FAE04EC0-301F-11D3-BF4B-00C04F79EFBC}") = "Location.API", "Services\Location\Location.API\Location.API.csproj", "{9A45B305-D9FC-4F4B-8057-C781DFC677A4}"
EndProject
Global
	GlobalSection(SolutionConfigurationPlatforms) = preSolution
		Debug|Any CPU = Debug|Any CPU
		Release|Any CPU = Release|Any CPU
	EndGlobalSection
	GlobalSection(SolutionProperties) = preSolution
		HideSolutionNode = FALSE
	EndGlobalSection
	GlobalSection(ProjectConfigurationPlatforms) = postSolution
		{9A45B305-D9FC-4F4B-8057-C781DFC677A4}.Debug|Any CPU.ActiveCfg = Debug|Any CPU
		{9A45B305-D9FC-4F4B-8057-C781DFC677A4}.Debug|Any CPU.Build.0 = Debug|Any CPU
		{9A45B305-D9FC-4F4B-8057-C781DFC677A4}.Release|Any CPU.ActiveCfg = Release|Any CPU
		{9A45B305-D9FC-4F4B-8057-C781DFC677A4}.Release|Any CPU.Build.0 = Release|Any CPU
	EndGlobalSection
	GlobalSection(NestedProjects) = preSolution
		{88A38896-C1E4-4FE8-BD4B-0A55F28DFC9B} = {0222190D-254D-4891-AC10-4023DC400561}
		{9A45B305-D9FC-4F4B-8057-C781DFC677A4} = {88A38896-C1E4-4FE8-BD4B-0A55F28DFC9B}
	EndGlobalSection
EndGlobal
